PODS:
  - Flutter (1.0.0)
  - package_info_plus (0.4.5):
    - Flutter
  - path_provider_foundation (0.0.1):
    - Flutter
    - FlutterMacOS
  - permission_handler_apple (9.1.1):
    - Flutter
  - shared_preferences_foundation (0.0.1):
    - Flutter
    - FlutterMacOS
  - yandex_mapkit (0.0.1):
    - Flutter
    - YandexMapsMobile (= 4.0.0-full)
  - YandexMapsMobile (4.0.0-full)

DEPENDENCIES:
  - Flutter (from `Flutter`)
  - package_info_plus (from `.symlinks/plugins/package_info_plus/ios`)
  - path_provider_foundation (from `.symlinks/plugins/path_provider_foundation/darwin`)
  - permission_handler_apple (from `.symlinks/plugins/permission_handler_apple/ios`)
  - shared_preferences_foundation (from `.symlinks/plugins/shared_preferences_foundation/darwin`)
  - yandex_mapkit (from `.symlinks/plugins/yandex_mapkit/ios`)

SPEC REPOS:
  trunk:
    - YandexMapsMobile

EXTERNAL SOURCES:
  Flutter:
    :path: Flutter
  package_info_plus:
    :path: ".symlinks/plugins/package_info_plus/ios"
  path_provider_foundation:
    :path: ".symlinks/plugins/path_provider_foundation/darwin"
  permission_handler_apple:
    :path: ".symlinks/plugins/permission_handler_apple/ios"
  shared_preferences_foundation:
    :path: ".symlinks/plugins/shared_preferences_foundation/darwin"
  yandex_mapkit:
    :path: ".symlinks/plugins/yandex_mapkit/ios"

SPEC CHECKSUMS:
  Flutter: e0871f40cf51350855a761d2e70bf5af5b9b5de7
  package_info_plus: 115f4ad11e0698c8c1c5d8a689390df880f47e85
  path_provider_foundation: 2b6b4c569c0fb62ec74538f866245ac84301af46
  permission_handler_apple: e76247795d700c14ea09e3a2d8855d41ee80a2e6
  shared_preferences_foundation: fcdcbc04712aee1108ac7fda236f363274528f78
  yandex_mapkit: 2d9da6e13f6f1a03395debbbbb7845eaefa24a8b
  YandexMapsMobile: 0f3d8c92fad685dc33d07f83eed4eb0166089743

PODFILE CHECKSUM: 819463e6a0290f5a72f145ba7cde16e8b6ef0796

COCOAPODS: 1.16.2
